// !$*UTF8*$!
{
	archiveVersion = 1;
	classes = {
	};
	objectVersion = 46;
	objects = {

/* Begin PBXBuildFile section */
		197AC09C1EF21E36002AB054 /* QJBaseViewController.m in Sources */ = {isa = PBXBuildFile; fileRef = 197AC09B1EF21E36002AB054 /* QJBaseViewController.m */; };
		197AC09D1EF21E36002AB054 /* QJBaseViewController.m in Sources */ = {isa = PBXBuildFile; fileRef = 197AC09B1EF21E36002AB054 /* QJBaseViewController.m */; };
		197AC09E1EF21E36002AB054 /* QJBaseViewController.m in Sources */ = {isa = PBXBuildFile; fileRef = 197AC09B1EF21E36002AB054 /* QJBaseViewController.m */; };
		197AC0A11EF21FAC002AB054 /* QJBaseTableViewController.m in Sources */ = {isa = PBXBuildFile; fileRef = 197AC0A01EF21FAC002AB054 /* QJBaseTableViewController.m */; };
		197AC0A21EF21FAC002AB054 /* QJBaseTableViewController.m in Sources */ = {isa = PBXBuildFile; fileRef = 197AC0A01EF21FAC002AB054 /* QJBaseTableViewController.m */; };
		197AC0A31EF21FAC002AB054 /* QJBaseTableViewController.m in Sources */ = {isa = PBXBuildFile; fileRef = 197AC0A01EF21FAC002AB054 /* QJBaseTableViewController.m */; };
		19A8FCEC1EEA9AA600E66BF8 /* main.m in Sources */ = {isa = PBXBuildFile; fileRef = 19A8FCEB1EEA9AA600E66BF8 /* main.m */; };
		19A8FCF51EEA9AA600E66BF8 /* Main.storyboard in Resources */ = {isa = PBXBuildFile; fileRef = 19A8FCF31EEA9AA600E66BF8 /* Main.storyboard */; };
		19A8FCF71EEA9AA600E66BF8 /* Assets.xcassets in Resources */ = {isa = PBXBuildFile; fileRef = 19A8FCF61EEA9AA600E66BF8 /* Assets.xcassets */; };
		19A8FCFA1EEA9AA600E66BF8 /* LaunchScreen.storyboard in Resources */ = {isa = PBXBuildFile; fileRef = 19A8FCF81EEA9AA600E66BF8 /* LaunchScreen.storyboard */; };
		19A8FD051EEA9AA600E66BF8 /* XHAppFrameWorkDemoTests.m in Sources */ = {isa = PBXBuildFile; fileRef = 19A8FD041EEA9AA600E66BF8 /* XHAppFrameWorkDemoTests.m */; };
		19A8FD101EEA9AA600E66BF8 /* XHAppFrameWorkDemoUITests.m in Sources */ = {isa = PBXBuildFile; fileRef = 19A8FD0F1EEA9AA600E66BF8 /* XHAppFrameWorkDemoUITests.m */; };
		19DF247F1EF13A29008E5E11 /* AppDelegate.m in Sources */ = {isa = PBXBuildFile; fileRef = 19DF247A1EF13A29008E5E11 /* AppDelegate.m */; };
/* End PBXBuildFile section */

/* Begin PBXContainerItemProxy section */
		19A8FD011EEA9AA600E66BF8 /* PBXContainerItemProxy */ = {
			isa = PBXContainerItemProxy;
			containerPortal = 19A8FCDF1EEA9AA600E66BF8 /* Project object */;
			proxyType = 1;
			remoteGlobalIDString = 19A8FCE61EEA9AA600E66BF8;
			remoteInfo = XHAppFrameWorkDemo;
		};
		19A8FD0C1EEA9AA600E66BF8 /* PBXContainerItemProxy */ = {
			isa = PBXContainerItemProxy;
			containerPortal = 19A8FCDF1EEA9AA600E66BF8 /* Project object */;
			proxyType = 1;
			remoteGlobalIDString = 19A8FCE61EEA9AA600E66BF8;
			remoteInfo = XHAppFrameWorkDemo;
		};
/* End PBXContainerItemProxy section */

/* Begin PBXFileReference section */
		197AC09A1EF21E36002AB054 /* QJBaseViewController.h */ = {isa = PBXFileReference; fileEncoding = 4; lastKnownFileType = sourcecode.c.h; path = QJBaseViewController.h; sourceTree = "<group>"; };
		197AC09B1EF21E36002AB054 /* QJBaseViewController.m */ = {isa = PBXFileReference; fileEncoding = 4; lastKnownFileType = sourcecode.c.objc; path = QJBaseViewController.m; sourceTree = "<group>"; };
		197AC09F1EF21FAC002AB054 /* QJBaseTableViewController.h */ = {isa = PBXFileReference; fileEncoding = 4; lastKnownFileType = sourcecode.c.h; path = QJBaseTableViewController.h; sourceTree = "<group>"; };
		197AC0A01EF21FAC002AB054 /* QJBaseTableViewController.m */ = {isa = PBXFileReference; fileEncoding = 4; lastKnownFileType = sourcecode.c.objc; path = QJBaseTableViewController.m; sourceTree = "<group>"; };
		19A8FCE71EEA9AA600E66BF8 /* XHAppFrameWorkDemo.app */ = {isa = PBXFileReference; explicitFileType = wrapper.application; includeInIndex = 0; path = XHAppFrameWorkDemo.app; sourceTree = BUILT_PRODUCTS_DIR; };
		19A8FCEB1EEA9AA600E66BF8 /* main.m */ = {isa = PBXFileReference; lastKnownFileType = sourcecode.c.objc; path = main.m; sourceTree = "<group>"; };
		19A8FCF41EEA9AA600E66BF8 /* Base */ = {isa = PBXFileReference; lastKnownFileType = file.storyboard; name = Base; path = Base.lproj/Main.storyboard; sourceTree = "<group>"; };
		19A8FCF61EEA9AA600E66BF8 /* Assets.xcassets */ = {isa = PBXFileReference; lastKnownFileType = folder.assetcatalog; path = Assets.xcassets; sourceTree = "<group>"; };
		19A8FCF91EEA9AA600E66BF8 /* Base */ = {isa = PBXFileReference; lastKnownFileType = file.storyboard; name = Base; path = Base.lproj/LaunchScreen.storyboard; sourceTree = "<group>"; };
		19A8FCFB1EEA9AA600E66BF8 /* Info.plist */ = {isa = PBXFileReference; lastKnownFileType = text.plist.xml; path = Info.plist; sourceTree = "<group>"; };
		19A8FD001EEA9AA600E66BF8 /* XHAppFrameWorkDemoTests.xctest */ = {isa = PBXFileReference; explicitFileType = wrapper.cfbundle; includeInIndex = 0; path = XHAppFrameWorkDemoTests.xctest; sourceTree = BUILT_PRODUCTS_DIR; };
		19A8FD041EEA9AA600E66BF8 /* XHAppFrameWorkDemoTests.m */ = {isa = PBXFileReference; lastKnownFileType = sourcecode.c.objc; path = XHAppFrameWorkDemoTests.m; sourceTree = "<group>"; };
		19A8FD061EEA9AA600E66BF8 /* Info.plist */ = {isa = PBXFileReference; lastKnownFileType = text.plist.xml; path = Info.plist; sourceTree = "<group>"; };
		19A8FD0B1EEA9AA600E66BF8 /* XHAppFrameWorkDemoUITests.xctest */ = {isa = PBXFileReference; explicitFileType = wrapper.cfbundle; includeInIndex = 0; path = XHAppFrameWorkDemoUITests.xctest; sourceTree = BUILT_PRODUCTS_DIR; };
		19A8FD0F1EEA9AA600E66BF8 /* XHAppFrameWorkDemoUITests.m */ = {isa = PBXFileReference; lastKnownFileType = sourcecode.c.objc; path = XHAppFrameWorkDemoUITests.m; sourceTree = "<group>"; };
		19A8FD111EEA9AA600E66BF8 /* Info.plist */ = {isa = PBXFileReference; lastKnownFileType = text.plist.xml; path = Info.plist; sourceTree = "<group>"; };
		19DF24791EF13A29008E5E11 /* AppDelegate.h */ = {isa = PBXFileReference; fileEncoding = 4; lastKnownFileType = sourcecode.c.h; path = AppDelegate.h; sourceTree = "<group>"; };
		19DF247A1EF13A29008E5E11 /* AppDelegate.m */ = {isa = PBXFileReference; fileEncoding = 4; lastKnownFileType = sourcecode.c.objc; path = AppDelegate.m; sourceTree = "<group>"; };
/* End PBXFileReference section */

/* Begin PBXFrameworksBuildPhase section */
		19A8FCE41EEA9AA600E66BF8 /* Frameworks */ = {
			isa = PBXFrameworksBuildPhase;
			buildActionMask = 2147483647;
			files = (
			);
			runOnlyForDeploymentPostprocessing = 0;
		};
		19A8FCFD1EEA9AA600E66BF8 /* Frameworks */ = {
			isa = PBXFrameworksBuildPhase;
			buildActionMask = 2147483647;
			files = (
			);
			runOnlyForDeploymentPostprocessing = 0;
		};
		19A8FD081EEA9AA600E66BF8 /* Frameworks */ = {
			isa = PBXFrameworksBuildPhase;
			buildActionMask = 2147483647;
			files = (
			);
			runOnlyForDeploymentPostprocessing = 0;
		};
/* End PBXFrameworksBuildPhase section */

/* Begin PBXGroup section */
		197AC0991EF21CF5002AB054 /* Vendors */ = {
			isa = PBXGroup;
			children = (
			);
			path = Vendors;
			sourceTree = "<group>";
		};
		197AC0A41EF228D0002AB054 /* Classes */ = {
			isa = PBXGroup;
			children = (
			);
			path = Classes;
			sourceTree = "<group>";
		};
		197AC0A51EF22905002AB054 /* common */ = {
			isa = PBXGroup;
			children = (
			);
			path = common;
			sourceTree = "<group>";
		};
		19A8FCDE1EEA9AA600E66BF8 = {
			isa = PBXGroup;
			children = (
				19A8FCE91EEA9AA600E66BF8 /* XHAppFrameWorkDemo */,
				19A8FD031EEA9AA600E66BF8 /* XHAppFrameWorkDemoTests */,
				19A8FD0E1EEA9AA600E66BF8 /* XHAppFrameWorkDemoUITests */,
				19A8FCE81EEA9AA600E66BF8 /* Products */,
			);
			sourceTree = "<group>";
		};
		19A8FCE81EEA9AA600E66BF8 /* Products */ = {
			isa = PBXGroup;
			children = (
				19A8FCE71EEA9AA600E66BF8 /* XHAppFrameWorkDemo.app */,
				19A8FD001EEA9AA600E66BF8 /* XHAppFrameWorkDemoTests.xctest */,
				19A8FD0B1EEA9AA600E66BF8 /* XHAppFrameWorkDemoUITests.xctest */,
			);
			name = Products;
			sourceTree = "<group>";
		};
		19A8FCE91EEA9AA600E66BF8 /* XHAppFrameWorkDemo */ = {
			isa = PBXGroup;
			children = (
				19DF24781EF13A29008E5E11 /* Application */,
				197AC0A41EF228D0002AB054 /* Classes */,
				197AC0A51EF22905002AB054 /* common */,
				19DF247B1EF13A29008E5E11 /* Base */,
				19DF247C1EF13A29008E5E11 /* Categories */,
				19DF247D1EF13A29008E5E11 /* Resource */,
				19DF247E1EF13A29008E5E11 /* Utils */,
				197AC0991EF21CF5002AB054 /* Vendors */,
				19A8FCF31EEA9AA600E66BF8 /* Main.storyboard */,
				19A8FCF61EEA9AA600E66BF8 /* Assets.xcassets */,
				19A8FCF81EEA9AA600E66BF8 /* LaunchScreen.storyboard */,
				19A8FCFB1EEA9AA600E66BF8 /* Info.plist */,
				19A8FCEA1EEA9AA600E66BF8 /* Supporting Files */,
			);
			path = XHAppFrameWorkDemo;
			sourceTree = "<group>";
		};
		19A8FCEA1EEA9AA600E66BF8 /* Supporting Files */ = {
			isa = PBXGroup;
			children = (
				19A8FCEB1EEA9AA600E66BF8 /* main.m */,
			);
			name = "Supporting Files";
			sourceTree = "<group>";
		};
		19A8FD031EEA9AA600E66BF8 /* XHAppFrameWorkDemoTests */ = {
			isa = PBXGroup;
			children = (
				19A8FD041EEA9AA600E66BF8 /* XHAppFrameWorkDemoTests.m */,
				19A8FD061EEA9AA600E66BF8 /* Info.plist */,
			);
			path = XHAppFrameWorkDemoTests;
			sourceTree = "<group>";
		};
		19A8FD0E1EEA9AA600E66BF8 /* XHAppFrameWorkDemoUITests */ = {
			isa = PBXGroup;
			children = (
				19A8FD0F1EEA9AA600E66BF8 /* XHAppFrameWorkDemoUITests.m */,
				19A8FD111EEA9AA600E66BF8 /* Info.plist */,
			);
			path = XHAppFrameWorkDemoUITests;
			sourceTree = "<group>";
		};
		19DF24781EF13A29008E5E11 /* Application */ = {
			isa = PBXGroup;
			children = (
				19DF24791EF13A29008E5E11 /* AppDelegate.h */,
				19DF247A1EF13A29008E5E11 /* AppDelegate.m */,
			);
			path = Application;
			sourceTree = "<group>";
		};
		19DF247B1EF13A29008E5E11 /* Base */ = {
			isa = PBXGroup;
			children = (
				197AC09A1EF21E36002AB054 /* QJBaseViewController.h */,
				197AC09B1EF21E36002AB054 /* QJBaseViewController.m */,
				197AC09F1EF21FAC002AB054 /* QJBaseTableViewController.h */,
				197AC0A01EF21FAC002AB054 /* QJBaseTableViewController.m */,
			);
			path = Base;
			sourceTree = "<group>";
		};
		19DF247C1EF13A29008E5E11 /* Categories */ = {
			isa = PBXGroup;
			children = (
			);
			path = Categories;
			sourceTree = "<group>";
		};
		19DF247D1EF13A29008E5E11 /* Resource */ = {
			isa = PBXGroup;
			children = (
			);
			path = Resource;
			sourceTree = "<group>";
		};
		19DF247E1EF13A29008E5E11 /* Utils */ = {
			isa = PBXGroup;
			children = (
			);
			path = Utils;
			sourceTree = "<group>";
		};
/* End PBXGroup section */

/* Begin PBXNativeTarget section */
		19A8FCE61EEA9AA600E66BF8 /* XHAppFrameWorkDemo */ = {
			isa = PBXNativeTarget;
			buildConfigurationList = 19A8FD141EEA9AA600E66BF8 /* Build configuration list for PBXNativeTarget "XHAppFrameWorkDemo" */;
			buildPhases = (
				19A8FCE31EEA9AA600E66BF8 /* Sources */,
				19A8FCE41EEA9AA600E66BF8 /* Frameworks */,
				19A8FCE51EEA9AA600E66BF8 /* Resources */,
			);
			buildRules = (
			);
			dependencies = (
			);
			name = XHAppFrameWorkDemo;
			productName = XHAppFrameWorkDemo;
			productReference = 19A8FCE71EEA9AA600E66BF8 /* XHAppFrameWorkDemo.app */;
			productType = "com.apple.product-type.application";
		};
		19A8FCFF1EEA9AA600E66BF8 /* XHAppFrameWorkDemoTests */ = {
			isa = PBXNativeTarget;
			buildConfigurationList = 19A8FD171EEA9AA600E66BF8 /* Build configuration list for PBXNativeTarget "XHAppFrameWorkDemoTests" */;
			buildPhases = (
				19A8FCFC1EEA9AA600E66BF8 /* Sources */,
				19A8FCFD1EEA9AA600E66BF8 /* Frameworks */,
				19A8FCFE1EEA9AA600E66BF8 /* Resources */,
			);
			buildRules = (
			);
			dependencies = (
				19A8FD021EEA9AA600E66BF8 /* PBXTargetDependency */,
			);
			name = XHAppFrameWorkDemoTests;
			productName = XHAppFrameWorkDemoTests;
			productReference = 19A8FD001EEA9AA600E66BF8 /* XHAppFrameWorkDemoTests.xctest */;
			productType = "com.apple.product-type.bundle.unit-test";
		};
		19A8FD0A1EEA9AA600E66BF8 /* XHAppFrameWorkDemoUITests */ = {
			isa = PBXNativeTarget;
			buildConfigurationList = 19A8FD1A1EEA9AA600E66BF8 /* Build configuration list for PBXNativeTarget "XHAppFrameWorkDemoUITests" */;
			buildPhases = (
				19A8FD071EEA9AA600E66BF8 /* Sources */,
				19A8FD081EEA9AA600E66BF8 /* Frameworks */,
				19A8FD091EEA9AA600E66BF8 /* Resources */,
			);
			buildRules = (
			);
			dependencies = (
				19A8FD0D1EEA9AA600E66BF8 /* PBXTargetDependency */,
			);
			name = XHAppFrameWorkDemoUITests;
			productName = XHAppFrameWorkDemoUITests;
			productReference = 19A8FD0B1EEA9AA600E66BF8 /* XHAppFrameWorkDemoUITests.xctest */;
			productType = "com.apple.product-type.bundle.ui-testing";
		};
/* End PBXNativeTarget section */

/* Begin PBXProject section */
		19A8FCDF1EEA9AA600E66BF8 /* Project object */ = {
			isa = PBXProject;
			attributes = {
				LastUpgradeCheck = 0830;
				ORGANIZATIONNAME = YLY;
				TargetAttributes = {
					19A8FCE61EEA9AA600E66BF8 = {
						CreatedOnToolsVersion = 8.3.2;
						DevelopmentTeam = DJMLPGDF6N;
						ProvisioningStyle = Automatic;
					};
					19A8FCFF1EEA9AA600E66BF8 = {
						CreatedOnToolsVersion = 8.3.2;
						ProvisioningStyle = Automatic;
						TestTargetID = 19A8FCE61EEA9AA600E66BF8;
					};
					19A8FD0A1EEA9AA600E66BF8 = {
						CreatedOnToolsVersion = 8.3.2;
						ProvisioningStyle = Automatic;
						TestTargetID = 19A8FCE61EEA9AA600E66BF8;
					};
				};
			};
			buildConfigurationList = 19A8FCE21EEA9AA600E66BF8 /* Build configuration list for PBXProject "XHAppFrameWorkDemo" */;
			compatibilityVersion = "Xcode 3.2";
			developmentRegion = English;
			hasScannedForEncodings = 0;
			knownRegions = (
				en,
				Base,
			);
			mainGroup = 19A8FCDE1EEA9AA600E66BF8;
			productRefGroup = 19A8FCE81EEA9AA600E66BF8 /* Products */;
			projectDirPath = "";
			projectRoot = "";
			targets = (
				19A8FCE61EEA9AA600E66BF8 /* XHAppFrameWorkDemo */,
				19A8FCFF1EEA9AA600E66BF8 /* XHAppFrameWorkDemoTests */,
				19A8FD0A1EEA9AA600E66BF8 /* XHAppFrameWorkDemoUITests */,
			);
		};
/* End PBXProject section */

/* Begin PBXResourcesBuildPhase section */
		19A8FCE51EEA9AA600E66BF8 /* Resources */ = {
			isa = PBXResourcesBuildPhase;
			buildActionMask = 2147483647;
			files = (
				19A8FCFA1EEA9AA600E66BF8 /* LaunchScreen.storyboard in Resources */,
				19A8FCF71EEA9AA600E66BF8 /* Assets.xcassets in Resources */,
				19A8FCF51EEA9AA600E66BF8 /* Main.storyboard in Resources */,
			);
			runOnlyForDeploymentPostprocessing = 0;
		};
		19A8FCFE1EEA9AA600E66BF8 /* Resources */ = {
			isa = PBXResourcesBuildPhase;
			buildActionMask = 2147483647;
			files = (
			);
			runOnlyForDeploymentPostprocessing = 0;
		};
		19A8FD091EEA9AA600E66BF8 /* Resources */ = {
			isa = PBXResourcesBuildPhase;
			buildActionMask = 2147483647;
			files = (
			);
			runOnlyForDeploymentPostprocessing = 0;
		};
/* End PBXResourcesBuildPhase section */

/* Begin PBXSourcesBuildPhase section */
		19A8FCE31EEA9AA600E66BF8 /* Sources */ = {
			isa = PBXSourcesBuildPhase;
			buildActionMask = 2147483647;
			files = (
				197AC0A11EF21FAC002AB054 /* QJBaseTableViewController.m in Sources */,
				19A8FCEC1EEA9AA600E66BF8 /* main.m in Sources */,
				197AC09C1EF21E36002AB054 /* QJBaseViewController.m in Sources */,
				19DF247F1EF13A29008E5E11 /* AppDelegate.m in Sources */,
			);
			runOnlyForDeploymentPostprocessing = 0;
		};
		19A8FCFC1EEA9AA600E66BF8 /* Sources */ = {
			isa = PBXSourcesBuildPhase;
			buildActionMask = 2147483647;
			files = (
				197AC09D1EF21E36002AB054 /* QJBaseViewController.m in Sources */,
				19A8FD051EEA9AA600E66BF8 /* XHAppFrameWorkDemoTests.m in Sources */,
				197AC0A21EF21FAC002AB054 /* QJBaseTableViewController.m in Sources */,
			);
			runOnlyForDeploymentPostprocessing = 0;
		};
		19A8FD071EEA9AA600E66BF8 /* Sources */ = {
			isa = PBXSourcesBuildPhase;
			buildActionMask = 2147483647;
			files = (
				197AC09E1EF21E36002AB054 /* QJBaseViewController.m in Sources */,
				19A8FD101EEA9AA600E66BF8 /* XHAppFrameWorkDemoUITests.m in Sources */,
				197AC0A31EF21FAC002AB054 /* QJBaseTableViewController.m in Sources */,
			);
			runOnlyForDeploymentPostprocessing = 0;
		};
/* End PBXSourcesBuildPhase section */

/* Begin PBXTargetDependency section */
		19A8FD021EEA9AA600E66BF8 /* PBXTargetDependency */ = {
			isa = PBXTargetDependency;
			target = 19A8FCE61EEA9AA600E66BF8 /* XHAppFrameWorkDemo */;
			targetProxy = 19A8FD011EEA9AA600E66BF8 /* PBXContainerItemProxy */;
		};
		19A8FD0D1EEA9AA600E66BF8 /* PBXTargetDependency */ = {
			isa = PBXTargetDependency;
			target = 19A8FCE61EEA9AA600E66BF8 /* XHAppFrameWorkDemo */;
			targetProxy = 19A8FD0C1EEA9AA600E66BF8 /* PBXContainerItemProxy */;
		};
/* End PBXTargetDependency section */

/* Begin PBXVariantGroup section */
		19A8FCF31EEA9AA600E66BF8 /* Main.storyboard */ = {
			isa = PBXVariantGroup;
			children = (
				19A8FCF41EEA9AA600E66BF8 /* Base */,
			);
			name = Main.storyboard;
			sourceTree = "<group>";
		};
		19A8FCF81EEA9AA600E66BF8 /* LaunchScreen.storyboard */ = {
			isa = PBXVariantGroup;
			children = (
				19A8FCF91EEA9AA600E66BF8 /* Base */,
			);
			name = LaunchScreen.storyboard;
			sourceTree = "<group>";
		};
/* End PBXVariantGroup section */

/* Begin XCBuildConfiguration section */
		19A8FD121EEA9AA600E66BF8 /* Debug */ = {
			isa = XCBuildConfiguration;
			buildSettings = {
				ALWAYS_SEARCH_USER_PATHS = NO;
				CLANG_ANALYZER_NONNULL = YES;
				CLANG_ANALYZER_NUMBER_OBJECT_CONVERSION = YES_AGGRESSIVE;
				CLANG_CXX_LANGUAGE_STANDARD = "gnu++0x";
				CLANG_CXX_LIBRARY = "libc++";
				CLANG_ENABLE_MODULES = YES;
				CLANG_ENABLE_OBJC_ARC = YES;
				CLANG_WARN_BOOL_CONVERSION = YES;
				CLANG_WARN_CONSTANT_CONVERSION = YES;
				CLANG_WARN_DIRECT_OBJC_ISA_USAGE = YES_ERROR;
				CLANG_WARN_DOCUMENTATION_COMMENTS = YES;
				CLANG_WARN_EMPTY_BODY = YES;
				CLANG_WARN_ENUM_CONVERSION = YES;
				CLANG_WARN_INFINITE_RECURSION = YES;
				CLANG_WARN_INT_CONVERSION = YES;
				CLANG_WARN_OBJC_ROOT_CLASS = YES_ERROR;
				CLANG_WARN_SUSPICIOUS_MOVE = YES;
				CLANG_WARN_UNREACHABLE_CODE = YES;
				CLANG_WARN__DUPLICATE_METHOD_MATCH = YES;
				"CODE_SIGN_IDENTITY[sdk=iphoneos*]" = "iPhone Developer";
				COPY_PHASE_STRIP = NO;
				DEBUG_INFORMATION_FORMAT = dwarf;
				ENABLE_STRICT_OBJC_MSGSEND = YES;
				ENABLE_TESTABILITY = YES;
				GCC_C_LANGUAGE_STANDARD = gnu99;
				GCC_DYNAMIC_NO_PIC = NO;
				GCC_NO_COMMON_BLOCKS = YES;
				GCC_OPTIMIZATION_LEVEL = 0;
				GCC_PREPROCESSOR_DEFINITIONS = (
					"DEBUG=1",
					"$(inherited)",
				);
				GCC_WARN_64_TO_32_BIT_CONVERSION = YES;
				GCC_WARN_ABOUT_RETURN_TYPE = YES_ERROR;
				GCC_WARN_UNDECLARED_SELECTOR = YES;
				GCC_WARN_UNINITIALIZED_AUTOS = YES_AGGRESSIVE;
				GCC_WARN_UNUSED_FUNCTION = YES;
				GCC_WARN_UNUSED_VARIABLE = YES;
				IPHONEOS_DEPLOYMENT_TARGET = 10.3;
				MTL_ENABLE_DEBUG_INFO = YES;
				ONLY_ACTIVE_ARCH = YES;
				SDKROOT = iphoneos;
				TARGETED_DEVICE_FAMILY = "1,2";
			};
			name = Debug;
		};
		19A8FD131EEA9AA600E66BF8 /* Release */ = {
			isa = XCBuildConfiguration;
			buildSettings = {
				ALWAYS_SEARCH_USER_PATHS = NO;
				CLANG_ANALYZER_NONNULL = YES;
				CLANG_ANALYZER_NUMBER_OBJECT_CONVERSION = YES_AGGRESSIVE;
				CLANG_CXX_LANGUAGE_STANDARD = "gnu++0x";
				CLANG_CXX_LIBRARY = "libc++";
				CLANG_ENABLE_MODULES = YES;
				CLANG_ENABLE_OBJC_ARC = YES;
				CLANG_WARN_BOOL_CONVERSION = YES;
				CLANG_WARN_CONSTANT_CONVERSION = YES;
				CLANG_WARN_DIRECT_OBJC_ISA_USAGE = YES_ERROR;
				CLANG_WARN_DOCUMENTATION_COMMENTS = YES;
				CLANG_WARN_EMPTY_BODY = YES;
				CLANG_WARN_ENUM_CONVERSION = YES;
				CLANG_WARN_INFINITE_RECURSION = YES;
				CLANG_WARN_INT_CONVERSION = YES;
				CLANG_WARN_OBJC_ROOT_CLASS = YES_ERROR;
				CLANG_WARN_SUSPICIOUS_MOVE = YES;
				CLANG_WARN_UNREACHABLE_CODE = YES;
				CLANG_WARN__DUPLICATE_METHOD_MATCH = YES;
				"CODE_SIGN_IDENTITY[sdk=iphoneos*]" = "iPhone Developer";
				COPY_PHASE_STRIP = NO;
				DEBUG_INFORMATION_FORMAT = "dwarf-with-dsym";
				ENABLE_NS_ASSERTIONS = NO;
				ENABLE_STRICT_OBJC_MSGSEND = YES;
				GCC_C_LANGUAGE_STANDARD = gnu99;
				GCC_NO_COMMON_BLOCKS = YES;
				GCC_WARN_64_TO_32_BIT_CONVERSION = YES;
				GCC_WARN_ABOUT_RETURN_TYPE = YES_ERROR;
				GCC_WARN_UNDECLARED_SELECTOR = YES;
				GCC_WARN_UNINITIALIZED_AUTOS = YES_AGGRESSIVE;
				GCC_WARN_UNUSED_FUNCTION = YES;
				GCC_WARN_UNUSED_VARIABLE = YES;
				IPHONEOS_DEPLOYMENT_TARGET = 10.3;
				MTL_ENABLE_DEBUG_INFO = NO;
				SDKROOT = iphoneos;
				TARGETED_DEVICE_FAMILY = "1,2";
				VALIDATE_PRODUCT = YES;
			};
			name = Release;
		};
		19A8FD151EEA9AA600E66BF8 /* Debug */ = {
			isa = XCBuildConfiguration;
			buildSettings = {
				ASSETCATALOG_COMPILER_APPICON_NAME = AppIcon;
				DEVELOPMENT_TEAM = DJMLPGDF6N;
				INFOPLIST_FILE = XHAppFrameWorkDemo/Info.plist;
				LD_RUNPATH_SEARCH_PATHS = "$(inherited) @executable_path/Frameworks";
				PRODUCT_BUNDLE_IDENTIFIER = xiaohe.XHAppFrameWorkDemo;
				PRODUCT_NAME = "$(TARGET_NAME)";
			};
			name = Debug;
		};
		19A8FD161EEA9AA600E66BF8 /* Release */ = {
			isa = XCBuildConfiguration;
			buildSettings = {
				ASSETCATALOG_COMPILER_APPICON_NAME = AppIcon;
				DEVELOPMENT_TEAM = DJMLPGDF6N;
				INFOPLIST_FILE = XHAppFrameWorkDemo/Info.plist;
				LD_RUNPATH_SEARCH_PATHS = "$(inherited) @executable_path/Frameworks";
				PRODUCT_BUNDLE_IDENTIFIER = xiaohe.XHAppFrameWorkDemo;
				PRODUCT_NAME = "$(TARGET_NAME)";
			};
			name = Release;
		};
		19A8FD181EEA9AA600E66BF8 /* Debug */ = {
			isa = XCBuildConfiguration;
			buildSettings = {
				BUNDLE_LOADER = "$(TEST_HOST)";
				INFOPLIST_FILE = XHAppFrameWorkDemoTests/Info.plist;
				LD_RUNPATH_SEARCH_PATHS = "$(inherited) @executable_path/Frameworks @loader_path/Frameworks";
				PRODUCT_BUNDLE_IDENTIFIER = xiaohe.XHAppFrameWorkDemoTests;
				PRODUCT_NAME = "$(TARGET_NAME)";
				TEST_HOST = "$(BUILT_PRODUCTS_DIR)/XHAppFrameWorkDemo.app/XHAppFrameWorkDemo";
			};
			name = Debug;
		};
		19A8FD191EEA9AA600E66BF8 /* Release */ = {
			isa = XCBuildConfiguration;
			buildSettings = {
				BUNDLE_LOADER = "$(TEST_HOST)";
				INFOPLIST_FILE = XHAppFrameWorkDemoTests/Info.plist;
				LD_RUNPATH_SEARCH_PATHS = "$(inherited) @executable_path/Frameworks @loader_path/Frameworks";
				PRODUCT_BUNDLE_IDENTIFIER = xiaohe.XHAppFrameWorkDemoTests;
				PRODUCT_NAME = "$(TARGET_NAME)";
				TEST_HOST = "$(BUILT_PRODUCTS_DIR)/XHAppFrameWorkDemo.app/XHAppFrameWorkDemo";
			};
			name = Release;
		};
		19A8FD1B1EEA9AA600E66BF8 /* Debug */ = {
			isa = XCBuildConfiguration;
			buildSettings = {
				INFOPLIST_FILE = XHAppFrameWorkDemoUITests/Info.plist;
				LD_RUNPATH_SEARCH_PATHS = "$(inherited) @executable_path/Frameworks @loader_path/Frameworks";
				PRODUCT_BUNDLE_IDENTIFIER = xiaohe.XHAppFrameWorkDemoUITests;
				PRODUCT_NAME = "$(TARGET_NAME)";
				TEST_TARGET_NAME = XHAppFrameWorkDemo;
			};
			name = Debug;
		};
		19A8FD1C1EEA9AA600E66BF8 /* Release */ = {
			isa = XCBuildConfiguration;
			buildSettings = {
				INFOPLIST_FILE = XHAppFrameWorkDemoUITests/Info.plist;
				LD_RUNPATH_SEARCH_PATHS = "$(inherited) @executable_path/Frameworks @loader_path/Frameworks";
				PRODUCT_BUNDLE_IDENTIFIER = xiaohe.XHAppFrameWorkDemoUITests;
				PRODUCT_NAME = "$(TARGET_NAME)";
				TEST_TARGET_NAME = XHAppFrameWorkDemo;
			};
			name = Release;
		};
/* End XCBuildConfiguration section */

/* Begin XCConfigurationList section */
		19A8FCE21EEA9AA600E66BF8 /* Build configuration list for PBXProject "XHAppFrameWorkDemo" */ = {
			isa = XCConfigurationList;
			buildConfigurations = (
				19A8FD121EEA9AA600E66BF8 /* Debug */,
				19A8FD131EEA9AA600E66BF8 /* Release */,
			);
			defaultConfigurationIsVisible = 0;
			defaultConfigurationName = Release;
		};
		19A8FD141EEA9AA600E66BF8 /* Build configuration list for PBXNativeTarget "XHAppFrameWorkDemo" */ = {
			isa = XCConfigurationList;
			buildConfigurations = (
				19A8FD151EEA9AA600E66BF8 /* Debug */,
				19A8FD161EEA9AA600E66BF8 /* Release */,
			);
			defaultConfigurationIsVisible = 0;
			defaultConfigurationName = Release;
		};
		19A8FD171EEA9AA600E66BF8 /* Build configuration list for PBXNativeTarget "XHAppFrameWorkDemoTests" */ = {
			isa = XCConfigurationList;
			buildConfigurations = (
				19A8FD181EEA9AA600E66BF8 /* Debug */,
				19A8FD191EEA9AA600E66BF8 /* Release */,
			);
			defaultConfigurationIsVisible = 0;
			defaultConfigurationName = Release;
		};
		19A8FD1A1EEA9AA600E66BF8 /* Build configuration list for PBXNativeTarget "XHAppFrameWorkDemoUITests" */ = {
			isa = XCConfigurationList;
			buildConfigurations = (
				19A8FD1B1EEA9AA600E66BF8 /* Debug */,
				19A8FD1C1EEA9AA600E66BF8 /* Release */,
			);
			defaultConfigurationIsVisible = 0;
			defaultConfigurationName = Release;
		};
/* End XCConfigurationList section */
	};
	rootObject = 19A8FCDF1EEA9AA600E66BF8 /* Project object */;
}
